
Microsoft Visual Studio Solution File, Format Version 12.00
# Visual Studio Version 16
VisualStudioVersion = 16.0.31019.35
MinimumVisualStudioVersion = 10.0.40219.1
Project("{FAE04EC0-301F-11D3-BF4B-00C04F79EFBC}") = "CompaniaPrueba", "CompaniaPrueba.csproj", "{292C48A1-D2CA-43EA-ACAB-37555269B64E}"
EndProject
Global
	GlobalSection(SolutionConfigurationPlatforms) = preSolution
		Debug|Any CPU = Debug|Any CPU
		Release|Any CPU = Release|Any CPU
	EndGlobalSection
	GlobalSection(ProjectConfigurationPlatforms) = postSolution
		{292C48A1-D2CA-43EA-ACAB-37555269B64E}.Debug|Any CPU.ActiveCfg = Debug|Any CPU
		{292C48A1-D2CA-43EA-ACAB-37555269B64E}.Debug|Any CPU.Build.0 = Debug|Any CPU
		{292C48A1-D2CA-43EA-ACAB-37555269B64E}.Release|Any CPU.ActiveCfg = Release|Any CPU
		{292C48A1-D2CA-43EA-ACAB-37555269B64E}.Release|Any CPU.Build.0 = Release|Any CPU
	EndGlobalSection
	GlobalSection(SolutionProperties) = preSolution
		HideSolutionNode = FALSE
	EndGlobalSection
	GlobalSection(ExtensibilityGlobals) = postSolution
		SolutionGuid = {493C4E97-A9AC-4586-B9E8-A1295E6BC12E}
	EndGlobalSection
EndGlobal
